{
  "requires": true,
  "lockfileVersion": 1,
  "dependencies": {
    "angular": {
      "version": "1.3.20",
      "resolved": "https://registry.npmjs.org/angular/-/angular-1.3.20.tgz",
      "integrity": "sha1-sjo9fF5/mffZW5tNSbmsNVJpuu4="
    },
    "docxtemplater": {
      "version": "1.0.5",
      "resolved": "https://registry.npmjs.org/docxtemplater/-/docxtemplater-1.0.5.tgz",
      "integrity": "sha1-v2uoNvuqYHqShqnAeULjQBS+lO0=",
      "requires": {
        "jszip": "^2.4.0"
      },
      "dependencies": {
        "jszip": {
          "version": "2.4.0",
          "resolved": "https://registry.npmjs.org/jszip/-/jszip-2.4.0.tgz",
          "integrity": "sha1-SHqTt2w7/6bLCFzWHrk06r4tKU8=",
          "requires": {
            "pako": "~0.2.5"
          },
          "dependencies": {
            "pako": {
              "version": "0.2.5",
              "resolved": "https://registry.npmjs.org/pako/-/pako-0.2.5.tgz",
              "integrity": "sha1-Nt8ZRno4eRUumtzER4TwfQqAxSU="
            }
          }
        }
      }
    }
  }
}
